
Microsoft Visual Studio Solution File, Format Version 12.00
# Visual Studio Version 16
VisualStudioVersion = 16.0.30717.126
MinimumVisualStudioVersion = 10.0.40219.1
Project("{FAE04EC0-301F-11D3-BF4B-00C04F79EFBC}") = "WpfLibrosCMVVM2", "WpfLibrosCMVVM2\WpfLibrosCMVVM2.csproj", "{B0F86378-347B-4818-B312-E37E812B77EC}"
EndProject
Global
	GlobalSection(SolutionConfigurationPlatforms) = preSolution
		Debug|Any CPU = Debug|Any CPU
		Release|Any CPU = Release|Any CPU
	EndGlobalSection
	GlobalSection(ProjectConfigurationPlatforms) = postSolution
		{B0F86378-347B-4818-B312-E37E812B77EC}.Debug|Any CPU.ActiveCfg = Debug|Any CPU
		{B0F86378-347B-4818-B312-E37E812B77EC}.Debug|Any CPU.Build.0 = Debug|Any CPU
		{B0F86378-347B-4818-B312-E37E812B77EC}.Release|Any CPU.ActiveCfg = Release|Any CPU
		{B0F86378-347B-4818-B312-E37E812B77EC}.Release|Any CPU.Build.0 = Release|Any CPU
	EndGlobalSection
	GlobalSection(SolutionProperties) = preSolution
		HideSolutionNode = FALSE
	EndGlobalSection
	GlobalSection(ExtensibilityGlobals) = postSolution
		SolutionGuid = {ED376ABE-2B13-460D-A3C1-C1A453C35436}
	EndGlobalSection
EndGlobal
